Microsoft Visual Studio Solution File, Format Version 11.00
# Visual Studio 2008

Project("{05934928-102B-1782-7B8F-03ED60C3E6E0}") = "fps", "Assembly-CSharp-firstpass.csproj", "{8402A5CF-8175-5658-61BE-80EE39C1E200}"
EndProject
Project("{05934928-102B-1782-7B8F-03ED60C3E6E0}") = "fps", "Assembly-CSharp.csproj", "{E3769A4A-A57B-5F3D-E641-46FBEEDD8C4F}"
EndProject
Project("{05934928-102B-1782-7B8F-03ED60C3E6E0}") = "fps", "Assembly-UnityScript-firstpass.unityproj", "{CA7A8DAD-EA6E-F1E7-A80C-E4E230CCA5D8}"
EndProject
Global
	GlobalSection(SolutionConfigurationPlatforms) = preSolution
		Debug|Any CPU = Debug|Any CPU
		Release|Any CPU = Release|Any CPU
	EndGlobalSection
	GlobalSection(ProjectConfigurationPlatforms) = postSolution
		{8402A5CF-8175-5658-61BE-80EE39C1E200}.Debug|Any CPU.ActiveCfg = Debug|Any CPU
		{8402A5CF-8175-5658-61BE-80EE39C1E200}.Debug|Any CPU.Build.0 = Debug|Any CPU
		{8402A5CF-8175-5658-61BE-80EE39C1E200}.Release|Any CPU.ActiveCfg = Release|Any CPU
		{8402A5CF-8175-5658-61BE-80EE39C1E200}.Release|Any CPU.Build.0 = Release|Any CPU
		{E3769A4A-A57B-5F3D-E641-46FBEEDD8C4F}.Debug|Any CPU.ActiveCfg = Debug|Any CPU
		{E3769A4A-A57B-5F3D-E641-46FBEEDD8C4F}.Debug|Any CPU.Build.0 = Debug|Any CPU
		{E3769A4A-A57B-5F3D-E641-46FBEEDD8C4F}.Release|Any CPU.ActiveCfg = Release|Any CPU
		{E3769A4A-A57B-5F3D-E641-46FBEEDD8C4F}.Release|Any CPU.Build.0 = Release|Any CPU
		{CA7A8DAD-EA6E-F1E7-A80C-E4E230CCA5D8}.Debug|Any CPU.ActiveCfg = Debug|Any CPU
		{CA7A8DAD-EA6E-F1E7-A80C-E4E230CCA5D8}.Debug|Any CPU.Build.0 = Debug|Any CPU
		{CA7A8DAD-EA6E-F1E7-A80C-E4E230CCA5D8}.Release|Any CPU.ActiveCfg = Release|Any CPU
		{CA7A8DAD-EA6E-F1E7-A80C-E4E230CCA5D8}.Release|Any CPU.Build.0 = Release|Any CPU
	EndGlobalSection
	GlobalSection(SolutionProperties) = preSolution
		HideSolutionNode = FALSE
	EndGlobalSection
																							GlobalSection(MonoDevelopProperties) = preSolution
		StartupItem = Assembly-CSharp.csproj
		Policies = $0
		$0.TextStylePolicy = $1
		$1.inheritsSet = null
		$1.scope = text/x-csharp
		$0.CSharpFormattingPolicy = $2
		$2.inheritsSet = Mono
		$2.inheritsScope = text/x-csharp
		$2.scope = text/x-csharp
		$0.TextStylePolicy = $3
		$3.FileWidth = 120
		$3.TabWidth = 4
		$3.EolMarker = Unix
		$3.inheritsSet = Mono
		$3.inheritsScope = text/plain
		$3.scope = text/plain
	EndGlobalSection

EndGlobal
